// !$*UTF8*$!
{
	archiveVersion = 1;
	classes = {
	};
	objectVersion = 46;
	objects = {

/* Begin PBXBuildFile section */
		1D3592241DD2096E007AC397 /* ParseFq.cpp in Sources */ = {isa = PBXBuildFile; fileRef = 1D3592231DD2096E007AC397 /* ParseFq.cpp */; };
		1D3592261DD209E7007AC397 /* ParseFq.h in Sources */ = {isa = PBXBuildFile; fileRef = 1D3592251DD209A8007AC397 /* ParseFq.h */; };
		1DAD72B31DCE1FA900CE3D65 /* main.cpp in Sources */ = {isa = PBXBuildFile; fileRef = 1DAD72B21DCE1FA900CE3D65 /* main.cpp */; };
/* End PBXBuildFile section */

/* Begin PBXCopyFilesBuildPhase section */
		1DAD72AD1DCE1FA800CE3D65 /* CopyFiles */ = {
			isa = PBXCopyFilesBuildPhase;
			buildActionMask = 2147483647;
			dstPath = /usr/share/man/man1/;
			dstSubfolderSpec = 0;
			files = (
			);
			runOnlyForDeploymentPostprocessing = 1;
		};
/* End PBXCopyFilesBuildPhase section */

/* Begin PBXFileReference section */
		1D3592231DD2096E007AC397 /* ParseFq.cpp */ = {isa = PBXFileReference; fileEncoding = 4; lastKnownFileType = sourcecode.cpp.cpp; path = ParseFq.cpp; sourceTree = "<group>"; };
		1D3592251DD209A8007AC397 /* ParseFq.h */ = {isa = PBXFileReference; fileEncoding = 4; lastKnownFileType = sourcecode.c.h; name = ParseFq.h; path = ../../../../Desktop/ParseFq.h; sourceTree = "<group>"; };
		1DAD72AF1DCE1FA900CE3D65 /* FqParser */ = {isa = PBXFileReference; explicitFileType = "compiled.mach-o.executable"; includeInIndex = 0; path = FqParser; sourceTree = BUILT_PRODUCTS_DIR; };
		1DAD72B21DCE1FA900CE3D65 /* main.cpp */ = {isa = PBXFileReference; lastKnownFileType = sourcecode.cpp.cpp; path = main.cpp; sourceTree = "<group>"; };
/* End PBXFileReference section */

/* Begin PBXFrameworksBuildPhase section */
		1DAD72AC1DCE1FA800CE3D65 /* Frameworks */ = {
			isa = PBXFrameworksBuildPhase;
			buildActionMask = 2147483647;
			files = (
			);
			runOnlyForDeploymentPostprocessing = 0;
		};
/* End PBXFrameworksBuildPhase section */

/* Begin PBXGroup section */
		1DAD72A61DCE1FA800CE3D65 = {
			isa = PBXGroup;
			children = (
				1DAD72B11DCE1FA900CE3D65 /* FqParser */,
				1DAD72B01DCE1FA900CE3D65 /* Products */,
			);
			sourceTree = "<group>";
		};
		1DAD72B01DCE1FA900CE3D65 /* Products */ = {
			isa = PBXGroup;
			children = (
				1DAD72AF1DCE1FA900CE3D65 /* FqParser */,
			);
			name = Products;
			sourceTree = "<group>";
		};
		1DAD72B11DCE1FA900CE3D65 /* FqParser */ = {
			isa = PBXGroup;
			children = (
				1D3592251DD209A8007AC397 /* ParseFq.h */,
				1D3592231DD2096E007AC397 /* ParseFq.cpp */,
				1DAD72B21DCE1FA900CE3D65 /* main.cpp */,
			);
			path = FqParser;
			sourceTree = "<group>";
		};
/* End PBXGroup section */

/* Begin PBXNativeTarget section */
		1DAD72AE1DCE1FA800CE3D65 /* FqParser */ = {
			isa = PBXNativeTarget;
			buildConfigurationList = 1DAD72B61DCE1FA900CE3D65 /* Build configuration list for PBXNativeTarget "FqParser" */;
			buildPhases = (
				1DAD72AB1DCE1FA800CE3D65 /* Sources */,
				1DAD72AC1DCE1FA800CE3D65 /* Frameworks */,
				1DAD72AD1DCE1FA800CE3D65 /* CopyFiles */,
			);
			buildRules = (
			);
			dependencies = (
			);
			name = FqParser;
			productName = FqParser;
			productReference = 1DAD72AF1DCE1FA900CE3D65 /* FqParser */;
			productType = "com.apple.product-type.tool";
		};
/* End PBXNativeTarget section */

/* Begin PBXProject section */
		1DAD72A71DCE1FA800CE3D65 /* Project object */ = {
			isa = PBXProject;
			attributes = {
				LastUpgradeCheck = 0800;
				ORGANIZATIONNAME = Balakrishnan;
				TargetAttributes = {
					1DAD72AE1DCE1FA800CE3D65 = {
						CreatedOnToolsVersion = 8.0;
						ProvisioningStyle = Automatic;
					};
				};
			};
			buildConfigurationList = 1DAD72AA1DCE1FA800CE3D65 /* Build configuration list for PBXProject "FqParser" */;
			compatibilityVersion = "Xcode 3.2";
			developmentRegion = English;
			hasScannedForEncodings = 0;
			knownRegions = (
				en,
			);
			mainGroup = 1DAD72A61DCE1FA800CE3D65;
			productRefGroup = 1DAD72B01DCE1FA900CE3D65 /* Products */;
			projectDirPath = "";
			projectRoot = "";
			targets = (
				1DAD72AE1DCE1FA800CE3D65 /* FqParser */,
			);
		};
/* End PBXProject section */

/* Begin PBXSourcesBuildPhase section */
		1DAD72AB1DCE1FA800CE3D65 /* Sources */ = {
			isa = PBXSourcesBuildPhase;
			buildActionMask = 2147483647;
			files = (
				1D3592261DD209E7007AC397 /* ParseFq.h in Sources */,
				1D3592241DD2096E007AC397 /* ParseFq.cpp in Sources */,
				1DAD72B31DCE1FA900CE3D65 /* main.cpp in Sources */,
			);
			runOnlyForDeploymentPostprocessing = 0;
		};
/* End PBXSourcesBuildPhase section */

/* Begin XCBuildConfiguration section */
		1DAD72B41DCE1FA900CE3D65 /* Debug */ = {
			isa = XCBuildConfiguration;
			buildSettings = {
				ALWAYS_SEARCH_USER_PATHS = NO;
				CLANG_ANALYZER_NONNULL = YES;
				CLANG_CXX_LANGUAGE_STANDARD = "gnu++0x";
				CLANG_CXX_LIBRARY = "libc++";
				CLANG_ENABLE_MODULES = YES;
				CLANG_ENABLE_OBJC_ARC = YES;
				CLANG_WARN_BOOL_CONVERSION = YES;
				CLANG_WARN_CONSTANT_CONVERSION = YES;
				CLANG_WARN_DIRECT_OBJC_ISA_USAGE = YES_ERROR;
				CLANG_WARN_DOCUMENTATION_COMMENTS = YES;
				CLANG_WARN_EMPTY_BODY = YES;
				CLANG_WARN_ENUM_CONVERSION = YES;
				CLANG_WARN_INFINITE_RECURSION = YES;
				CLANG_WARN_INT_CONVERSION = YES;
				CLANG_WARN_OBJC_ROOT_CLASS = YES_ERROR;
				CLANG_WARN_SUSPICIOUS_MOVES = YES;
				CLANG_WARN_UNREACHABLE_CODE = YES;
				CLANG_WARN__DUPLICATE_METHOD_MATCH = YES;
				CODE_SIGN_IDENTITY = "-";
				COPY_PHASE_STRIP = NO;
				DEBUG_INFORMATION_FORMAT = dwarf;
				ENABLE_STRICT_OBJC_MSGSEND = YES;
				ENABLE_TESTABILITY = YES;
				GCC_C_LANGUAGE_STANDARD = gnu99;
				GCC_DYNAMIC_NO_PIC = NO;
				GCC_NO_COMMON_BLOCKS = YES;
				GCC_OPTIMIZATION_LEVEL = 0;
				GCC_PREPROCESSOR_DEFINITIONS = (
					"DEBUG=1",
					"$(inherited)",
				);
				GCC_WARN_64_TO_32_BIT_CONVERSION = YES;
				GCC_WARN_ABOUT_RETURN_TYPE = YES_ERROR;
				GCC_WARN_UNDECLARED_SELECTOR = YES;
				GCC_WARN_UNINITIALIZED_AUTOS = YES_AGGRESSIVE;
				GCC_WARN_UNUSED_FUNCTION = YES;
				GCC_WARN_UNUSED_VARIABLE = YES;
				MACOSX_DEPLOYMENT_TARGET = 10.11;
				MTL_ENABLE_DEBUG_INFO = YES;
				ONLY_ACTIVE_ARCH = YES;
				SDKROOT = macosx;
			};
			name = Debug;
		};
		1DAD72B51DCE1FA900CE3D65 /* Release */ = {
			isa = XCBuildConfiguration;
			buildSettings = {
				ALWAYS_SEARCH_USER_PATHS = NO;
				CLANG_ANALYZER_NONNULL = YES;
				CLANG_CXX_LANGUAGE_STANDARD = "gnu++0x";
				CLANG_CXX_LIBRARY = "libc++";
				CLANG_ENABLE_MODULES = YES;
				CLANG_ENABLE_OBJC_ARC = YES;
				CLANG_WARN_BOOL_CONVERSION = YES;
				CLANG_WARN_CONSTANT_CONVERSION = YES;
				CLANG_WARN_DIRECT_OBJC_ISA_USAGE = YES_ERROR;
				CLANG_WARN_DOCUMENTATION_COMMENTS = YES;
				CLANG_WARN_EMPTY_BODY = YES;
				CLANG_WARN_ENUM_CONVERSION = YES;
				CLANG_WARN_INFINITE_RECURSION = YES;
				CLANG_WARN_INT_CONVERSION = YES;
				CLANG_WARN_OBJC_ROOT_CLASS = YES_ERROR;
				CLANG_WARN_SUSPICIOUS_MOVES = YES;
				CLANG_WARN_UNREACHABLE_CODE = YES;
				CLANG_WARN__DUPLICATE_METHOD_MATCH = YES;
				CODE_SIGN_IDENTITY = "-";
				COPY_PHASE_STRIP = NO;
				DEBUG_INFORMATION_FORMAT = "dwarf-with-dsym";
				ENABLE_NS_ASSERTIONS = NO;
				ENABLE_STRICT_OBJC_MSGSEND = YES;
				GCC_C_LANGUAGE_STANDARD = gnu99;
				GCC_NO_COMMON_BLOCKS = YES;
				GCC_WARN_64_TO_32_BIT_CONVERSION = YES;
				GCC_WARN_ABOUT_RETURN_TYPE = YES_ERROR;
				GCC_WARN_UNDECLARED_SELECTOR = YES;
				GCC_WARN_UNINITIALIZED_AUTOS = YES_AGGRESSIVE;
				GCC_WARN_UNUSED_FUNCTION = YES;
				GCC_WARN_UNUSED_VARIABLE = YES;
				MACOSX_DEPLOYMENT_TARGET = 10.11;
				MTL_ENABLE_DEBUG_INFO = NO;
				SDKROOT = macosx;
			};
			name = Release;
		};
		1DAD72B71DCE1FA900CE3D65 /* Debug */ = {
			isa = XCBuildConfiguration;
			buildSettings = {
				PRODUCT_NAME = "$(TARGET_NAME)";
			};
			name = Debug;
		};
		1DAD72B81DCE1FA900CE3D65 /* Release */ = {
			isa = XCBuildConfiguration;
			buildSettings = {
				PRODUCT_NAME = "$(TARGET_NAME)";
			};
			name = Release;
		};
/* End XCBuildConfiguration section */

/* Begin XCConfigurationList section */
		1DAD72AA1DCE1FA800CE3D65 /* Build configuration list for PBXProject "FqParser" */ = {
			isa = XCConfigurationList;
			buildConfigurations = (
				1DAD72B41DCE1FA900CE3D65 /* Debug */,
				1DAD72B51DCE1FA900CE3D65 /* Release */,
			);
			defaultConfigurationIsVisible = 0;
			defaultConfigurationName = Release;
		};
		1DAD72B61DCE1FA900CE3D65 /* Build configuration list for PBXNativeTarget "FqParser" */ = {
			isa = XCConfigurationList;
			buildConfigurations = (
				1DAD72B71DCE1FA900CE3D65 /* Debug */,
				1DAD72B81DCE1FA900CE3D65 /* Release */,
			);
			defaultConfigurationIsVisible = 0;
			defaultConfigurationName = Release;
		};
/* End XCConfigurationList section */
	};
	rootObject = 1DAD72A71DCE1FA800CE3D65 /* Project object */;
}
